
Microsoft Visual Studio Solution File, Format Version 12.00
# Visual Studio Version 16
VisualStudioVersion = 16.0.30320.27
MinimumVisualStudioVersion = 10.0.40219.1
Project("{2150E333-8FDC-42A3-9474-1A3956D46DE8}") = "base", "base", "{2B7279DA-CE00-442F-BFD1-ECC5365BCF37}"
EndProject
Project("{9A19103F-16F7-4668-BE54-9A1E7A4F7556}") = "Base.Domain", "Base.Domain\Base.Domain.csproj", "{2217D9AB-0F9A-461C-AE10-3FCBE067F5A1}"
EndProject
Project("{9A19103F-16F7-4668-BE54-9A1E7A4F7556}") = "Base.Infrastructure", "Base.Infrastructure\Base.Infrastructure.csproj", "{A89F6AC6-0491-419F-A9F0-1B60E365FCFB}"
EndProject
Project("{9A19103F-16F7-4668-BE54-9A1E7A4F7556}") = "Base.API", "Base.API\Base.API.csproj", "{7FD90685-584E-4AB4-B413-C98FE23CE167}"
EndProject
Project("{2150E333-8FDC-42A3-9474-1A3956D46DE8}") = "gateway", "gateway", "{347D1C39-39E9-4FB9-9782-65807B0BF98B}"
EndProject
Project("{9A19103F-16F7-4668-BE54-9A1E7A4F7556}") = "Gateway.API", "Gateway.API\Gateway.API.csproj", "{0C7EB51E-5CD7-4D7B-84CE-A534F372761B}"
EndProject
Project("{2150E333-8FDC-42A3-9474-1A3956D46DE8}") = "ids", "ids", "{81D49B75-3561-4545-A6CC-28F6B58725AC}"
EndProject
Project("{9A19103F-16F7-4668-BE54-9A1E7A4F7556}") = "IDS.Domain", "IDS.Domain\IDS.Domain.csproj", "{7E51BBAB-2BD7-46BD-A1AB-82A165936828}"
EndProject
Project("{9A19103F-16F7-4668-BE54-9A1E7A4F7556}") = "IDS.Infrastructure", "IDS.Infrastructure\IDS.Infrastructure.csproj", "{4BF74935-33D0-4E79-AB91-8FCFEF3CFD2B}"
EndProject
Project("{9A19103F-16F7-4668-BE54-9A1E7A4F7556}") = "IDS.API", "IDS.API\IDS.API.csproj", "{326C1EC8-1A23-4266-B2F1-9B891CDC744C}"
EndProject
Project("{2150E333-8FDC-42A3-9474-1A3956D46DE8}") = "signalr", "signalr", "{930376DA-49CD-4BB6-9A5E-AD8528F24EA7}"
EndProject
Project("{9A19103F-16F7-4668-BE54-9A1E7A4F7556}") = "Backend", "SignalR.Learn\Backend.csproj", "{01B195B3-C6CF-4A25-AC72-07CE0D326EED}"
EndProject
Global
	GlobalSection(SolutionConfigurationPlatforms) = preSolution
		Debug|Any CPU = Debug|Any CPU
		Release|Any CPU = Release|Any CPU
	EndGlobalSection
	GlobalSection(ProjectConfigurationPlatforms) = postSolution
		{2217D9AB-0F9A-461C-AE10-3FCBE067F5A1}.Debug|Any CPU.ActiveCfg = Debug|Any CPU
		{2217D9AB-0F9A-461C-AE10-3FCBE067F5A1}.Debug|Any CPU.Build.0 = Debug|Any CPU
		{2217D9AB-0F9A-461C-AE10-3FCBE067F5A1}.Release|Any CPU.ActiveCfg = Release|Any CPU
		{2217D9AB-0F9A-461C-AE10-3FCBE067F5A1}.Release|Any CPU.Build.0 = Release|Any CPU
		{A89F6AC6-0491-419F-A9F0-1B60E365FCFB}.Debug|Any CPU.ActiveCfg = Debug|Any CPU
		{A89F6AC6-0491-419F-A9F0-1B60E365FCFB}.Debug|Any CPU.Build.0 = Debug|Any CPU
		{A89F6AC6-0491-419F-A9F0-1B60E365FCFB}.Release|Any CPU.ActiveCfg = Release|Any CPU
		{A89F6AC6-0491-419F-A9F0-1B60E365FCFB}.Release|Any CPU.Build.0 = Release|Any CPU
		{7FD90685-584E-4AB4-B413-C98FE23CE167}.Debug|Any CPU.ActiveCfg = Debug|Any CPU
		{7FD90685-584E-4AB4-B413-C98FE23CE167}.Debug|Any CPU.Build.0 = Debug|Any CPU
		{7FD90685-584E-4AB4-B413-C98FE23CE167}.Release|Any CPU.ActiveCfg = Release|Any CPU
		{7FD90685-584E-4AB4-B413-C98FE23CE167}.Release|Any CPU.Build.0 = Release|Any CPU
		{0C7EB51E-5CD7-4D7B-84CE-A534F372761B}.Debug|Any CPU.ActiveCfg = Debug|Any CPU
		{0C7EB51E-5CD7-4D7B-84CE-A534F372761B}.Debug|Any CPU.Build.0 = Debug|Any CPU
		{0C7EB51E-5CD7-4D7B-84CE-A534F372761B}.Release|Any CPU.ActiveCfg = Release|Any CPU
		{0C7EB51E-5CD7-4D7B-84CE-A534F372761B}.Release|Any CPU.Build.0 = Release|Any CPU
		{7E51BBAB-2BD7-46BD-A1AB-82A165936828}.Debug|Any CPU.ActiveCfg = Debug|Any CPU
		{7E51BBAB-2BD7-46BD-A1AB-82A165936828}.Debug|Any CPU.Build.0 = Debug|Any CPU
		{7E51BBAB-2BD7-46BD-A1AB-82A165936828}.Release|Any CPU.ActiveCfg = Release|Any CPU
		{7E51BBAB-2BD7-46BD-A1AB-82A165936828}.Release|Any CPU.Build.0 = Release|Any CPU
		{4BF74935-33D0-4E79-AB91-8FCFEF3CFD2B}.Debug|Any CPU.ActiveCfg = Debug|Any CPU
		{4BF74935-33D0-4E79-AB91-8FCFEF3CFD2B}.Debug|Any CPU.Build.0 = Debug|Any CPU
		{4BF74935-33D0-4E79-AB91-8FCFEF3CFD2B}.Release|Any CPU.ActiveCfg = Release|Any CPU
		{4BF74935-33D0-4E79-AB91-8FCFEF3CFD2B}.Release|Any CPU.Build.0 = Release|Any CPU
		{326C1EC8-1A23-4266-B2F1-9B891CDC744C}.Debug|Any CPU.ActiveCfg = Debug|Any CPU
		{326C1EC8-1A23-4266-B2F1-9B891CDC744C}.Debug|Any CPU.Build.0 = Debug|Any CPU
		{326C1EC8-1A23-4266-B2F1-9B891CDC744C}.Release|Any CPU.ActiveCfg = Release|Any CPU
		{326C1EC8-1A23-4266-B2F1-9B891CDC744C}.Release|Any CPU.Build.0 = Release|Any CPU
		{01B195B3-C6CF-4A25-AC72-07CE0D326EED}.Debug|Any CPU.ActiveCfg = Debug|Any CPU
		{01B195B3-C6CF-4A25-AC72-07CE0D326EED}.Debug|Any CPU.Build.0 = Debug|Any CPU
		{01B195B3-C6CF-4A25-AC72-07CE0D326EED}.Release|Any CPU.ActiveCfg = Release|Any CPU
		{01B195B3-C6CF-4A25-AC72-07CE0D326EED}.Release|Any CPU.Build.0 = Release|Any CPU
	EndGlobalSection
	GlobalSection(SolutionProperties) = preSolution
		HideSolutionNode = FALSE
	EndGlobalSection
	GlobalSection(NestedProjects) = preSolution
		{2217D9AB-0F9A-461C-AE10-3FCBE067F5A1} = {2B7279DA-CE00-442F-BFD1-ECC5365BCF37}
		{A89F6AC6-0491-419F-A9F0-1B60E365FCFB} = {2B7279DA-CE00-442F-BFD1-ECC5365BCF37}
		{7FD90685-584E-4AB4-B413-C98FE23CE167} = {2B7279DA-CE00-442F-BFD1-ECC5365BCF37}
		{0C7EB51E-5CD7-4D7B-84CE-A534F372761B} = {347D1C39-39E9-4FB9-9782-65807B0BF98B}
		{7E51BBAB-2BD7-46BD-A1AB-82A165936828} = {81D49B75-3561-4545-A6CC-28F6B58725AC}
		{4BF74935-33D0-4E79-AB91-8FCFEF3CFD2B} = {81D49B75-3561-4545-A6CC-28F6B58725AC}
		{326C1EC8-1A23-4266-B2F1-9B891CDC744C} = {81D49B75-3561-4545-A6CC-28F6B58725AC}
		{01B195B3-C6CF-4A25-AC72-07CE0D326EED} = {930376DA-49CD-4BB6-9A5E-AD8528F24EA7}
	EndGlobalSection
	GlobalSection(ExtensibilityGlobals) = postSolution
		SolutionGuid = {3A487468-ED89-44AF-80CC-7F6E2A835EFA}
	EndGlobalSection
EndGlobal
