
Microsoft Visual Studio Solution File, Format Version 12.00
# Visual Studio Version 16
VisualStudioVersion = 16.0.30320.27
MinimumVisualStudioVersion = 10.0.40219.1
Project("{9A19103F-16F7-4668-BE54-9A1E7A4F7556}") = "Backend", "Backend.csproj", "{BE840F97-CB78-46E6-B8DB-E830CC769784}"
EndProject
Project("{2150E333-8FDC-42A3-9474-1A3956D46DE8}") = "excel-tool", "excel-tool", "{FBADBF6C-A790-4AA6-8498-6D768A3A8B02}"
EndProject
Global
	GlobalSection(SolutionConfigurationPlatforms) = preSolution
		Debug|Any CPU = Debug|Any CPU
		Release|Any CPU = Release|Any CPU
	EndGlobalSection
	GlobalSection(ProjectConfigurationPlatforms) = postSolution
		{BE840F97-CB78-46E6-B8DB-E830CC769784}.Debug|Any CPU.ActiveCfg = Debug|Any CPU
		{BE840F97-CB78-46E6-B8DB-E830CC769784}.Debug|Any CPU.Build.0 = Debug|Any CPU
		{BE840F97-CB78-46E6-B8DB-E830CC769784}.Release|Any CPU.ActiveCfg = Release|Any CPU
		{BE840F97-CB78-46E6-B8DB-E830CC769784}.Release|Any CPU.Build.0 = Release|Any CPU
	EndGlobalSection
	GlobalSection(SolutionProperties) = preSolution
		HideSolutionNode = FALSE
	EndGlobalSection
	GlobalSection(NestedProjects) = preSolution
		{BE840F97-CB78-46E6-B8DB-E830CC769784} = {FBADBF6C-A790-4AA6-8498-6D768A3A8B02}
	EndGlobalSection
	GlobalSection(ExtensibilityGlobals) = postSolution
		SolutionGuid = {3A487468-ED89-44AF-80CC-7F6E2A835EFA}
	EndGlobalSection
EndGlobal
